
Microsoft Visual Studio Solution File, Format Version 12.00
# Visual Studio Version 16
VisualStudioVersion = 16.0.30320.27
MinimumVisualStudioVersion = 10.0.40219.1
Project("{FAE04EC0-301F-11D3-BF4B-00C04F79EFBC}") = "Workflow", "Workflow.csproj", "{77B4C9C2-98B1-4D83-8E06-7AB84220BB88}"
EndProject
Global
	GlobalSection(SolutionConfigurationPlatforms) = preSolution
		Debug|Any CPU = Debug|Any CPU
		Release|Any CPU = Release|Any CPU
	EndGlobalSection
	GlobalSection(ProjectConfigurationPlatforms) = postSolution
		{77B4C9C2-98B1-4D83-8E06-7AB84220BB88}.Debug|Any CPU.ActiveCfg = Debug|Any CPU
		{77B4C9C2-98B1-4D83-8E06-7AB84220BB88}.Debug|Any CPU.Build.0 = Debug|Any CPU
		{77B4C9C2-98B1-4D83-8E06-7AB84220BB88}.Release|Any CPU.ActiveCfg = Release|Any CPU
		{77B4C9C2-98B1-4D83-8E06-7AB84220BB88}.Release|Any CPU.Build.0 = Release|Any CPU
	EndGlobalSection
	GlobalSection(SolutionProperties) = preSolution
		HideSolutionNode = FALSE
	EndGlobalSection
	GlobalSection(ExtensibilityGlobals) = postSolution
		SolutionGuid = {74A465B1-C286-4E79-AF32-1E60AA88264B}
	EndGlobalSection
EndGlobal
